
Microsoft Visual Studio Solution File, Format Version 12.00
# Visual Studio 2012
Project("{FAE04EC0-301F-11D3-BF4B-00C04F79EFBC}") = "ShuntingYardAlgorithm", "ShuntingYardAlgorithm\ShuntingYardAlgorithm.csproj", "{28ABFE0F-5167-4A73-ADDD-8B4B5D535CEC}"
EndProject
Global
	GlobalSection(SolutionConfigurationPlatforms) = preSolution
		Debug|Any CPU = Debug|Any CPU
		Release|Any CPU = Release|Any CPU
	EndGlobalSection
	GlobalSection(ProjectConfigurationPlatforms) = postSolution
		{28ABFE0F-5167-4A73-ADDD-8B4B5D535CEC}.Debug|Any CPU.ActiveCfg = Debug|Any CPU
		{28ABFE0F-5167-4A73-ADDD-8B4B5D535CEC}.Debug|Any CPU.Build.0 = Debug|Any CPU
		{28ABFE0F-5167-4A73-ADDD-8B4B5D535CEC}.Release|Any CPU.ActiveCfg = Release|Any CPU
		{28ABFE0F-5167-4A73-ADDD-8B4B5D535CEC}.Release|Any CPU.Build.0 = Release|Any CPU
	EndGlobalSection
	GlobalSection(SolutionProperties) = preSolution
		HideSolutionNode = FALSE
	EndGlobalSection
EndGlobal
